{
    "_meta": {
        "hash": {
            "sha256": "d6cedac51708fec52ea3f2afc1a77749016cc646d014224130ffcc8605767214"
        },
        "pipfile-spec": 6,
        "requires": {
            "python_version": "3.6"
        },
        "sources": [
            {
                "name": "pypi",
                "url": "https://pypi.org/simple",
                "verify_ssl": true
            }
        ]
    },
    "default": {
        "boto3": {
            "hashes": [
                "sha256:60c760da488deed3fdec7dca2fb0a37ece72d8b9e80f3f3fc47bd6a396ea11b6",
                "sha256:e7f52af8a5cb98d976f296d4a4ac1ac43c7b414c3765ca82c92b033cd06710c2"
            ],
            "index": "pypi",
            "version": "==1.7.50"
        },
        "botocore": {
            "hashes": [
                "sha256:07b572ae6ae3df5ff6d5e8dc5cf9812b9842d5ea96502b54b51867700861ee07",
                "sha256:585a5df85d2cfef41fbe7ad32bfcf00d9a54eafa75a6e126a07619b692f548ea"
            ],
            "version": "==1.10.50"
        },
        "docutils": {
            "hashes": [
                "sha256:02aec4bd92ab067f6ff27a38a38a41173bf01bed8f89157768c1573f53e474a6",
                "sha256:51e64ef2ebfb29cae1faa133b3710143496eca21c530f3f71424d77687764274",
                "sha256:7a4bd47eaf6596e1295ecb11361139febe29b084a87bf005bf899f9a42edc3c6"
            ],
            "version": "==0.14"
        },
        "jmespath": {
            "hashes": [
                "sha256:6a81d4c9aa62caf061cb517b4d9ad1dd300374cd4706997aff9cd6aedd61fc64",
                "sha256:f11b4461f425740a1d908e9a3f7365c3d2e569f6ca68a2ff8bc5bcd9676edd63"
            ],
            "version": "==0.9.3"
        },
        "ldap3": {
            "hashes": [
                "sha256:55078bbc981f715a8867b4c040402627fdfccf5664e0277a621416559748e384",
                "sha256:5a25d825de9c2e9f9bb1eeb8a96822fd1d4739ee00e797beb400f45e497a502e"
            ],
            "index": "pypi",
            "version": "==2.5"
        },
        "pyasn1": {
            "hashes": [
                "sha256:a66dcda18dbf6e4663bde70eb30af3fc4fe1acb2d14c4867a861681887a5f9a2",
                "sha256:fb81622d8f3509f0026b0683fe90fea27be7284d3826a5f2edf97f69151ab0fc"
            ],
            "version": "==0.4.3"
        },
        "python-dateutil": {
            "hashes": [
                "sha256:1adb80e7a782c12e52ef9a8182bebeb73f1d7e24e374397af06fb4956c8dc5c0",
                "sha256:e27001de32f627c22380a688bcc43ce83504a7bc5da472209b4c70f02829f0b8"
            ],
            "markers": "python_version >= '2.7'",
            "version": "==2.7.3"
        },
        "s3transfer": {
            "hashes": [
                "sha256:90dc18e028989c609146e241ea153250be451e05ecc0c2832565231dacdf59c1",
                "sha256:c7a9ec356982d5e9ab2d4b46391a7d6a950e2b04c472419f5fdec70cc0ada72f"
            ],
            "version": "==0.1.13"
        },
        "six": {
            "hashes": [
                "sha256:70e8a77beed4562e7f14fe23a786b54f6296e34344c23bc42f07b15018ff98e9",
                "sha256:832dc0e10feb1aa2c68dcc57dbb658f1c7e65b9b61af69048abc87a2db00a0eb"
            ],
            "version": "==1.11.0"
        }
    },
    "develop": {}
}
